
Microsoft Visual Studio Solution File, Format Version 12.00
# Visual Studio Version 16
VisualStudioVersion = 16.0.31005.135
MinimumVisualStudioVersion = 10.0.40219.1
Project("{FAE04EC0-301F-11D3-BF4B-00C04F79EFBC}") = "Cloths", "Cloths\Cloths.csproj", "{D0717469-7ABE-4611-8566-B77C62BCF546}"
EndProject
Global
	GlobalSection(SolutionConfigurationPlatforms) = preSolution
		Debug|Any CPU = Debug|Any CPU
		Release|Any CPU = Release|Any CPU
	EndGlobalSection
	GlobalSection(ProjectConfigurationPlatforms) = postSolution
		{D0717469-7ABE-4611-8566-B77C62BCF546}.Debug|Any CPU.ActiveCfg = Debug|Any CPU
		{D0717469-7ABE-4611-8566-B77C62BCF546}.Debug|Any CPU.Build.0 = Debug|Any CPU
		{D0717469-7ABE-4611-8566-B77C62BCF546}.Release|Any CPU.ActiveCfg = Release|Any CPU
		{D0717469-7ABE-4611-8566-B77C62BCF546}.Release|Any CPU.Build.0 = Release|Any CPU
	EndGlobalSection
	GlobalSection(SolutionProperties) = preSolution
		HideSolutionNode = FALSE
	EndGlobalSection
	GlobalSection(ExtensibilityGlobals) = postSolution
		SolutionGuid = {313ECE80-5053-4B31-BAED-F2DC4F7172FA}
	EndGlobalSection
EndGlobal
